
Microsoft Visual Studio Solution File, Format Version 12.00
Project("{FAE04EC0-301F-11D3-BF4B-00C04F79EFBC}") = "TTSButSpecificAudioDevice", "TTSButSpecificAudioDevice\TTSButSpecificAudioDevice.csproj", "{DF96EDB2-5310-49C8-9E52-A641EFDEBD5A}"
EndProject
Global
	GlobalSection(SolutionConfigurationPlatforms) = preSolution
		Debug|Any CPU = Debug|Any CPU
		Release|Any CPU = Release|Any CPU
	EndGlobalSection
	GlobalSection(ProjectConfigurationPlatforms) = postSolution
		{DF96EDB2-5310-49C8-9E52-A641EFDEBD5A}.Debug|Any CPU.ActiveCfg = Debug|Any CPU
		{DF96EDB2-5310-49C8-9E52-A641EFDEBD5A}.Debug|Any CPU.Build.0 = Debug|Any CPU
		{DF96EDB2-5310-49C8-9E52-A641EFDEBD5A}.Release|Any CPU.ActiveCfg = Release|Any CPU
		{DF96EDB2-5310-49C8-9E52-A641EFDEBD5A}.Release|Any CPU.Build.0 = Release|Any CPU
	EndGlobalSection
EndGlobal
